
Microsoft Visual Studio Solution File, Format Version 12.00
# Visual Studio 2012
Project("{FAE04EC0-301F-11D3-BF4B-00C04F79EFBC}") = "XepLoaiHocSinh", "XepLoaiHocSinh\XepLoaiHocSinh.csproj", "{AFED4F59-FA90-442B-AA0E-16BC2B658062}"
EndProject
Global
	GlobalSection(SolutionConfigurationPlatforms) = preSolution
		Debug|Any CPU = Debug|Any CPU
		Release|Any CPU = Release|Any CPU
	EndGlobalSection
	GlobalSection(ProjectConfigurationPlatforms) = postSolution
		{AFED4F59-FA90-442B-AA0E-16BC2B658062}.Debug|Any CPU.ActiveCfg = Debug|Any CPU
		{AFED4F59-FA90-442B-AA0E-16BC2B658062}.Debug|Any CPU.Build.0 = Debug|Any CPU
		{AFED4F59-FA90-442B-AA0E-16BC2B658062}.Release|Any CPU.ActiveCfg = Release|Any CPU
		{AFED4F59-FA90-442B-AA0E-16BC2B658062}.Release|Any CPU.Build.0 = Release|Any CPU
	EndGlobalSection
	GlobalSection(SolutionProperties) = preSolution
		HideSolutionNode = FALSE
	EndGlobalSection
EndGlobal
