
Microsoft Visual Studio Solution File, Format Version 12.00
# Visual Studio 2012
Project("{FAE04EC0-301F-11D3-BF4B-00C04F79EFBC}") = "Project1", "Project1\Project1.csproj", "{D1C405EE-843A-45EE-8D43-14152008A5D6}"
EndProject
Project("{FAE04EC0-301F-11D3-BF4B-00C04F79EFBC}") = "SonDepTrai", "SonDepTrai\SonDepTrai.csproj", "{E6E9C3BD-442D-46E8-9073-D0EAF01C528C}"
EndProject
Global
	GlobalSection(SolutionConfigurationPlatforms) = preSolution
		Debug|Any CPU = Debug|Any CPU
		Release|Any CPU = Release|Any CPU
	EndGlobalSection
	GlobalSection(ProjectConfigurationPlatforms) = postSolution
		{D1C405EE-843A-45EE-8D43-14152008A5D6}.Debug|Any CPU.ActiveCfg = Debug|Any CPU
		{D1C405EE-843A-45EE-8D43-14152008A5D6}.Debug|Any CPU.Build.0 = Debug|Any CPU
		{D1C405EE-843A-45EE-8D43-14152008A5D6}.Release|Any CPU.ActiveCfg = Release|Any CPU
		{D1C405EE-843A-45EE-8D43-14152008A5D6}.Release|Any CPU.Build.0 = Release|Any CPU
		{E6E9C3BD-442D-46E8-9073-D0EAF01C528C}.Debug|Any CPU.ActiveCfg = Debug|Any CPU
		{E6E9C3BD-442D-46E8-9073-D0EAF01C528C}.Debug|Any CPU.Build.0 = Debug|Any CPU
		{E6E9C3BD-442D-46E8-9073-D0EAF01C528C}.Release|Any CPU.ActiveCfg = Release|Any CPU
		{E6E9C3BD-442D-46E8-9073-D0EAF01C528C}.Release|Any CPU.Build.0 = Release|Any CPU
	EndGlobalSection
	GlobalSection(SolutionProperties) = preSolution
		HideSolutionNode = FALSE
	EndGlobalSection
EndGlobal
